
Microsoft Visual Studio Solution File, Format Version 12.00
# Visual Studio Version 17
VisualStudioVersion = 17.10.35013.160
MinimumVisualStudioVersion = 10.0.40219.1
Project("{9A19103F-16F7-4668-BE54-9A1E7A4F7556}") = "SampleApp-Test-GitHub-Actions.UnitTests", "SampleApp-Test-CI-CD.UnitTests\SampleApp-Test-GitHub-Actions.UnitTests.csproj", "{A4E280C1-D310-4E04-ADC3-249D89574F90}"
EndProject
Project("{FAE04EC0-301F-11D3-BF4B-00C04F79EFBC}") = "SampleApp-Test-GitHub-Actions", "SampleApp-Test-CI-CD\SampleApp-Test-GitHub-Actions.csproj", "{C10B913E-4C85-4896-9B08-16BE1A5019CB}"
EndProject
Global
	GlobalSection(SolutionConfigurationPlatforms) = preSolution
		Debug|Any CPU = Debug|Any CPU
		Release|Any CPU = Release|Any CPU
	EndGlobalSection
	GlobalSection(ProjectConfigurationPlatforms) = postSolution
		{A4E280C1-D310-4E04-ADC3-249D89574F90}.Debug|Any CPU.ActiveCfg = Debug|Any CPU
		{A4E280C1-D310-4E04-ADC3-249D89574F90}.Debug|Any CPU.Build.0 = Debug|Any CPU
		{A4E280C1-D310-4E04-ADC3-249D89574F90}.Release|Any CPU.ActiveCfg = Release|Any CPU
		{A4E280C1-D310-4E04-ADC3-249D89574F90}.Release|Any CPU.Build.0 = Release|Any CPU
		{C10B913E-4C85-4896-9B08-16BE1A5019CB}.Debug|Any CPU.ActiveCfg = Debug|Any CPU
		{C10B913E-4C85-4896-9B08-16BE1A5019CB}.Debug|Any CPU.Build.0 = Debug|Any CPU
		{C10B913E-4C85-4896-9B08-16BE1A5019CB}.Release|Any CPU.ActiveCfg = Release|Any CPU
		{C10B913E-4C85-4896-9B08-16BE1A5019CB}.Release|Any CPU.Build.0 = Release|Any CPU
	EndGlobalSection
	GlobalSection(SolutionProperties) = preSolution
		HideSolutionNode = FALSE
	EndGlobalSection
	GlobalSection(ExtensibilityGlobals) = postSolution
		SolutionGuid = {F25CD7C1-F43D-487F-86EA-7619FD5C99FD}
	EndGlobalSection
EndGlobal
